// !$*UTF8*$!
{
	archiveVersion = 1;
	classes = {
	};
	objectVersion = 56;
	objects = {

/* Begin PBXBuildFile section */
		781707CD29EB24DC00B81E8A /* AppDelegate.swift in Sources */ = {isa = PBXBuildFile; fileRef = 781707CC29EB24DC00B81E8A /* AppDelegate.swift */; };
		781707CF29EB24DC00B81E8A /* SceneDelegate.swift in Sources */ = {isa = PBXBuildFile; fileRef = 781707CE29EB24DC00B81E8A /* SceneDelegate.swift */; };
		781707D129EB24DC00B81E8A /* ProfileViewController.swift in Sources */ = {isa = PBXBuildFile; fileRef = 781707D029EB24DC00B81E8A /* ProfileViewController.swift */; };
		781707D629EB24DD00B81E8A /* Assets.xcassets in Resources */ = {isa = PBXBuildFile; fileRef = 781707D529EB24DD00B81E8A /* Assets.xcassets */; };
		781707E429EB24DD00B81E8A /* InstagramTests.swift in Sources */ = {isa = PBXBuildFile; fileRef = 781707E329EB24DD00B81E8A /* InstagramTests.swift */; };
		781707FD29EB29BF00B81E8A /* ProfileHeaderCell.swift in Sources */ = {isa = PBXBuildFile; fileRef = 781707FC29EB29BF00B81E8A /* ProfileHeaderCell.swift */; };
		781707FF29EB389800B81E8A /* ProfilePostsCell.swift in Sources */ = {isa = PBXBuildFile; fileRef = 781707FE29EB389800B81E8A /* ProfilePostsCell.swift */; };
		783520222A3F67A4004E1ED1 /* UserAuthentication.swift in Sources */ = {isa = PBXBuildFile; fileRef = 783520212A3F67A4004E1ED1 /* UserAuthentication.swift */; };
		78972CDE2A3F75740090D54C /* SignInViewController.swift in Sources */ = {isa = PBXBuildFile; fileRef = 78972CDD2A3F75740090D54C /* SignInViewController.swift */; };
		789E3C672A04243C004D52EC /* ProfileHeaderViewModel.swift in Sources */ = {isa = PBXBuildFile; fileRef = 789E3C662A04243C004D52EC /* ProfileHeaderViewModel.swift */; };
		789E3C692A044B2F004D52EC /* ProfilePostViewModel.swift in Sources */ = {isa = PBXBuildFile; fileRef = 789E3C682A044B2F004D52EC /* ProfilePostViewModel.swift */; };
		789E3C6C2A044BFC004D52EC /* ProfileHeaderData.swift in Sources */ = {isa = PBXBuildFile; fileRef = 789E3C6B2A044BFC004D52EC /* ProfileHeaderData.swift */; };
		789E3C6E2A044C20004D52EC /* PostData.swift in Sources */ = {isa = PBXBuildFile; fileRef = 789E3C6D2A044C20004D52EC /* PostData.swift */; };
		789E3C702A044C4F004D52EC /* NetworkManager.swift in Sources */ = {isa = PBXBuildFile; fileRef = 789E3C6F2A044C4F004D52EC /* NetworkManager.swift */; };
		789E3C722A044C6D004D52EC /* ProfileViewModel.swift in Sources */ = {isa = PBXBuildFile; fileRef = 789E3C712A044C6D004D52EC /* ProfileViewModel.swift */; };
		78CD6C262A24BD9000A76865 /* AppCoordinator.swift in Sources */ = {isa = PBXBuildFile; fileRef = 78CD6C252A24BD9000A76865 /* AppCoordinator.swift */; };
		78CD6C292A24BDBE00A76865 /* Swinject in Frameworks */ = {isa = PBXBuildFile; productRef = 78CD6C282A24BDBE00A76865 /* Swinject */; };
		78CD6C2B2A24BE7C00A76865 /* NavBarViewController.swift in Sources */ = {isa = PBXBuildFile; fileRef = 78CD6C2A2A24BE7C00A76865 /* NavBarViewController.swift */; };
		78CD6C2D2A24CD2A00A76865 /* FeedViewController.swift in Sources */ = {isa = PBXBuildFile; fileRef = 78CD6C2C2A24CD2A00A76865 /* FeedViewController.swift */; };
		78CD6C332A24D50B00A76865 /* AlamofireImage in Frameworks */ = {isa = PBXBuildFile; productRef = 78CD6C322A24D50B00A76865 /* AlamofireImage */; };
		78CD6C352A24EC1F00A76865 /* ProfileCoordinator.swift in Sources */ = {isa = PBXBuildFile; fileRef = 78CD6C342A24EC1F00A76865 /* ProfileCoordinator.swift */; };
		78CD6C372A24EE2000A76865 /* FeedCoordinator.swift in Sources */ = {isa = PBXBuildFile; fileRef = 78CD6C362A24EE2000A76865 /* FeedCoordinator.swift */; };
		78D135582AA8EB2D00545BF7 /* DeeplinkManager.swift in Sources */ = {isa = PBXBuildFile; fileRef = 78D135572AA8EB2D00545BF7 /* DeeplinkManager.swift */; };
		78F8EB492A7C02D0008B14C2 /* FeedPostCell.swift in Sources */ = {isa = PBXBuildFile; fileRef = 78F8EB482A7C02D0008B14C2 /* FeedPostCell.swift */; };
/* End PBXBuildFile section */

/* Begin PBXContainerItemProxy section */
		781707E029EB24DD00B81E8A /* PBXContainerItemProxy */ = {
			isa = PBXContainerItemProxy;
			containerPortal = 781707C129EB24DC00B81E8A /* Project object */;
			proxyType = 1;
			remoteGlobalIDString = 781707C829EB24DC00B81E8A;
			remoteInfo = Instagram;
		};
		781707EA29EB24DD00B81E8A /* PBXContainerItemProxy */ = {
			isa = PBXContainerItemProxy;
			containerPortal = 781707C129EB24DC00B81E8A /* Project object */;
			proxyType = 1;
			remoteGlobalIDString = 781707C829EB24DC00B81E8A;
			remoteInfo = Instagram;
		};
/* End PBXContainerItemProxy section */

/* Begin PBXFileReference section */
		781707C929EB24DC00B81E8A /* Instagram.app */ = {isa = PBXFileReference; explicitFileType = wrapper.application; includeInIndex = 0; path = Instagram.app; sourceTree = BUILT_PRODUCTS_DIR; };
		781707CC29EB24DC00B81E8A /* AppDelegate.swift */ = {isa = PBXFileReference; lastKnownFileType = sourcecode.swift; path = AppDelegate.swift; sourceTree = "<group>"; };
		781707CE29EB24DC00B81E8A /* SceneDelegate.swift */ = {isa = PBXFileReference; lastKnownFileType = sourcecode.swift; path = SceneDelegate.swift; sourceTree = "<group>"; };
		781707D029EB24DC00B81E8A /* ProfileViewController.swift */ = {isa = PBXFileReference; lastKnownFileType = sourcecode.swift; path = ProfileViewController.swift; sourceTree = "<group>"; };
		781707D529EB24DD00B81E8A /* Assets.xcassets */ = {isa = PBXFileReference; lastKnownFileType = folder.assetcatalog; path = Assets.xcassets; sourceTree = "<group>"; };
		781707DA29EB24DD00B81E8A /* Info.plist */ = {isa = PBXFileReference; lastKnownFileType = text.plist.xml; path = Info.plist; sourceTree = "<group>"; };
		781707DF29EB24DD00B81E8A /* InstagramTests.xctest */ = {isa = PBXFileReference; explicitFileType = wrapper.cfbundle; includeInIndex = 0; path = InstagramTests.xctest; sourceTree = BUILT_PRODUCTS_DIR; };
		781707E329EB24DD00B81E8A /* InstagramTests.swift */ = {isa = PBXFileReference; lastKnownFileType = sourcecode.swift; path = InstagramTests.swift; sourceTree = "<group>"; };
		781707E929EB24DD00B81E8A /* InstagramUITests.xctest */ = {isa = PBXFileReference; explicitFileType = wrapper.cfbundle; includeInIndex = 0; path = InstagramUITests.xctest; sourceTree = BUILT_PRODUCTS_DIR; };
		781707FC29EB29BF00B81E8A /* ProfileHeaderCell.swift */ = {isa = PBXFileReference; lastKnownFileType = sourcecode.swift; path = ProfileHeaderCell.swift; sourceTree = "<group>"; };
		781707FE29EB389800B81E8A /* ProfilePostsCell.swift */ = {isa = PBXFileReference; lastKnownFileType = sourcecode.swift; path = ProfilePostsCell.swift; sourceTree = "<group>"; };
		783520212A3F67A4004E1ED1 /* UserAuthentication.swift */ = {isa = PBXFileReference; lastKnownFileType = sourcecode.swift; path = UserAuthentication.swift; sourceTree = "<group>"; };
		78972CDD2A3F75740090D54C /* SignInViewController.swift */ = {isa = PBXFileReference; lastKnownFileType = sourcecode.swift; path = SignInViewController.swift; sourceTree = "<group>"; };
		789E3C662A04243C004D52EC /* ProfileHeaderViewModel.swift */ = {isa = PBXFileReference; lastKnownFileType = sourcecode.swift; path = ProfileHeaderViewModel.swift; sourceTree = "<group>"; };
		789E3C682A044B2F004D52EC /* ProfilePostViewModel.swift */ = {isa = PBXFileReference; lastKnownFileType = sourcecode.swift; path = ProfilePostViewModel.swift; sourceTree = "<group>"; };
		789E3C6B2A044BFC004D52EC /* ProfileHeaderData.swift */ = {isa = PBXFileReference; lastKnownFileType = sourcecode.swift; path = ProfileHeaderData.swift; sourceTree = "<group>"; };
		789E3C6D2A044C20004D52EC /* PostData.swift */ = {isa = PBXFileReference; lastKnownFileType = sourcecode.swift; path = PostData.swift; sourceTree = "<group>"; };
		789E3C6F2A044C4F004D52EC /* NetworkManager.swift */ = {isa = PBXFileReference; lastKnownFileType = sourcecode.swift; path = NetworkManager.swift; sourceTree = "<group>"; };
		789E3C712A044C6D004D52EC /* ProfileViewModel.swift */ = {isa = PBXFileReference; lastKnownFileType = sourcecode.swift; path = ProfileViewModel.swift; sourceTree = "<group>"; };
		78CD6C252A24BD9000A76865 /* AppCoordinator.swift */ = {isa = PBXFileReference; lastKnownFileType = sourcecode.swift; path = AppCoordinator.swift; sourceTree = "<group>"; };
		78CD6C2A2A24BE7C00A76865 /* NavBarViewController.swift */ = {isa = PBXFileReference; lastKnownFileType = sourcecode.swift; path = NavBarViewController.swift; sourceTree = "<group>"; };
		78CD6C2C2A24CD2A00A76865 /* FeedViewController.swift */ = {isa = PBXFileReference; lastKnownFileType = sourcecode.swift; path = FeedViewController.swift; sourceTree = "<group>"; };
		78CD6C342A24EC1F00A76865 /* ProfileCoordinator.swift */ = {isa = PBXFileReference; lastKnownFileType = sourcecode.swift; path = ProfileCoordinator.swift; sourceTree = "<group>"; };
		78CD6C362A24EE2000A76865 /* FeedCoordinator.swift */ = {isa = PBXFileReference; lastKnownFileType = sourcecode.swift; path = FeedCoordinator.swift; sourceTree = "<group>"; };
		78D135572AA8EB2D00545BF7 /* DeeplinkManager.swift */ = {isa = PBXFileReference; lastKnownFileType = sourcecode.swift; path = DeeplinkManager.swift; sourceTree = "<group>"; };
		78F8EB482A7C02D0008B14C2 /* FeedPostCell.swift */ = {isa = PBXFileReference; lastKnownFileType = sourcecode.swift; path = FeedPostCell.swift; sourceTree = "<group>"; };
/* End PBXFileReference section */

/* Begin PBXFrameworksBuildPhase section */
		781707C629EB24DC00B81E8A /* Frameworks */ = {
			isa = PBXFrameworksBuildPhase;
			buildActionMask = 2147483647;
			files = (
				78CD6C292A24BDBE00A76865 /* Swinject in Frameworks */,
				78CD6C332A24D50B00A76865 /* AlamofireImage in Frameworks */,
			);
			runOnlyForDeploymentPostprocessing = 0;
		};
		781707DC29EB24DD00B81E8A /* Frameworks */ = {
			isa = PBXFrameworksBuildPhase;
			buildActionMask = 2147483647;
			files = (
			);
			runOnlyForDeploymentPostprocessing = 0;
		};
		781707E629EB24DD00B81E8A /* Frameworks */ = {
			isa = PBXFrameworksBuildPhase;
			buildActionMask = 2147483647;
			files = (
			);
			runOnlyForDeploymentPostprocessing = 0;
		};
/* End PBXFrameworksBuildPhase section */

/* Begin PBXGroup section */
		781707C029EB24DC00B81E8A = {
			isa = PBXGroup;
			children = (
				781707CB29EB24DC00B81E8A /* Instagram */,
				781707E229EB24DD00B81E8A /* InstagramTests */,
				781707CA29EB24DC00B81E8A /* Products */,
			);
			sourceTree = "<group>";
		};
		781707CA29EB24DC00B81E8A /* Products */ = {
			isa = PBXGroup;
			children = (
				781707C929EB24DC00B81E8A /* Instagram.app */,
				781707DF29EB24DD00B81E8A /* InstagramTests.xctest */,
				781707E929EB24DD00B81E8A /* InstagramUITests.xctest */,
			);
			name = Products;
			sourceTree = "<group>";
		};
		781707CB29EB24DC00B81E8A /* Instagram */ = {
			isa = PBXGroup;
			children = (
				781707CC29EB24DC00B81E8A /* AppDelegate.swift */,
				781707CE29EB24DC00B81E8A /* SceneDelegate.swift */,
				78CD6C2E2A24CD5300A76865 /* Flows */,
				789E3C6A2A044BE8004D52EC /* Models */,
				781707D529EB24DD00B81E8A /* Assets.xcassets */,
				781707DA29EB24DD00B81E8A /* Info.plist */,
				7835201F2A3F6779004E1ED1 /* NNetwork */,
				78972CDD2A3F75740090D54C /* SignInViewController.swift */,
			);
			path = Instagram;
			sourceTree = "<group>";
		};
		781707E229EB24DD00B81E8A /* InstagramTests */ = {
			isa = PBXGroup;
			children = (
				781707E329EB24DD00B81E8A /* InstagramTests.swift */,
			);
			path = InstagramTests;
			sourceTree = "<group>";
		};
		7835201F2A3F6779004E1ED1 /* NNetwork */ = {
			isa = PBXGroup;
			children = (
				789E3C6F2A044C4F004D52EC /* NetworkManager.swift */,
			);
			path = NNetwork;
			sourceTree = "<group>";
		};
		783520202A3F678E004E1ED1 /* App */ = {
			isa = PBXGroup;
			children = (
				78CD6C252A24BD9000A76865 /* AppCoordinator.swift */,
				78CD6C2A2A24BE7C00A76865 /* NavBarViewController.swift */,
				783520212A3F67A4004E1ED1 /* UserAuthentication.swift */,
				78D135572AA8EB2D00545BF7 /* DeeplinkManager.swift */,
			);
			path = App;
			sourceTree = "<group>";
		};
		789E3C6A2A044BE8004D52EC /* Models */ = {
			isa = PBXGroup;
			children = (
				789E3C6B2A044BFC004D52EC /* ProfileHeaderData.swift */,
				789E3C6D2A044C20004D52EC /* PostData.swift */,
			);
			path = Models;
			sourceTree = "<group>";
		};
		78CD6C2E2A24CD5300A76865 /* Flows */ = {
			isa = PBXGroup;
			children = (
				783520202A3F678E004E1ED1 /* App */,
				78CD6C302A24CD6B00A76865 /* ProfileFlow */,
				78CD6C2F2A24CD6100A76865 /* FeedFlow */,
			);
			path = Flows;
			sourceTree = "<group>";
		};
		78CD6C2F2A24CD6100A76865 /* FeedFlow */ = {
			isa = PBXGroup;
			children = (
				78CD6C2C2A24CD2A00A76865 /* FeedViewController.swift */,
				78CD6C362A24EE2000A76865 /* FeedCoordinator.swift */,
				78F8EB482A7C02D0008B14C2 /* FeedPostCell.swift */,
			);
			path = FeedFlow;
			sourceTree = "<group>";
		};
		78CD6C302A24CD6B00A76865 /* ProfileFlow */ = {
			isa = PBXGroup;
			children = (
				781707D029EB24DC00B81E8A /* ProfileViewController.swift */,
				789E3C662A04243C004D52EC /* ProfileHeaderViewModel.swift */,
				781707FC29EB29BF00B81E8A /* ProfileHeaderCell.swift */,
				781707FE29EB389800B81E8A /* ProfilePostsCell.swift */,
				789E3C712A044C6D004D52EC /* ProfileViewModel.swift */,
				789E3C682A044B2F004D52EC /* ProfilePostViewModel.swift */,
				78CD6C342A24EC1F00A76865 /* ProfileCoordinator.swift */,
			);
			path = ProfileFlow;
			sourceTree = "<group>";
		};
/* End PBXGroup section */

/* Begin PBXNativeTarget section */
		781707C829EB24DC00B81E8A /* Instagram */ = {
			isa = PBXNativeTarget;
			buildConfigurationList = 781707F329EB24DD00B81E8A /* Build configuration list for PBXNativeTarget "Instagram" */;
			buildPhases = (
				781707C529EB24DC00B81E8A /* Sources */,
				781707C629EB24DC00B81E8A /* Frameworks */,
				781707C729EB24DC00B81E8A /* Resources */,
			);
			buildRules = (
			);
			dependencies = (
			);
			name = Instagram;
			packageProductDependencies = (
				78CD6C282A24BDBE00A76865 /* Swinject */,
				78CD6C322A24D50B00A76865 /* AlamofireImage */,
			);
			productName = Instagram;
			productReference = 781707C929EB24DC00B81E8A /* Instagram.app */;
			productType = "com.apple.product-type.application";
		};
		781707DE29EB24DD00B81E8A /* InstagramTests */ = {
			isa = PBXNativeTarget;
			buildConfigurationList = 781707F629EB24DD00B81E8A /* Build configuration list for PBXNativeTarget "InstagramTests" */;
			buildPhases = (
				781707DB29EB24DD00B81E8A /* Sources */,
				781707DC29EB24DD00B81E8A /* Frameworks */,
				781707DD29EB24DD00B81E8A /* Resources */,
			);
			buildRules = (
			);
			dependencies = (
				781707E129EB24DD00B81E8A /* PBXTargetDependency */,
			);
			name = InstagramTests;
			productName = InstagramTests;
			productReference = 781707DF29EB24DD00B81E8A /* InstagramTests.xctest */;
			productType = "com.apple.product-type.bundle.unit-test";
		};
		781707E829EB24DD00B81E8A /* InstagramUITests */ = {
			isa = PBXNativeTarget;
			buildConfigurationList = 781707F929EB24DD00B81E8A /* Build configuration list for PBXNativeTarget "InstagramUITests" */;
			buildPhases = (
				781707E529EB24DD00B81E8A /* Sources */,
				781707E629EB24DD00B81E8A /* Frameworks */,
				781707E729EB24DD00B81E8A /* Resources */,
			);
			buildRules = (
			);
			dependencies = (
				781707EB29EB24DD00B81E8A /* PBXTargetDependency */,
			);
			name = InstagramUITests;
			productName = InstagramUITests;
			productReference = 781707E929EB24DD00B81E8A /* InstagramUITests.xctest */;
			productType = "com.apple.product-type.bundle.ui-testing";
		};
/* End PBXNativeTarget section */

/* Begin PBXProject section */
		781707C129EB24DC00B81E8A /* Project object */ = {
			isa = PBXProject;
			attributes = {
				BuildIndependentTargetsInParallel = 1;
				LastSwiftUpdateCheck = 1420;
				LastUpgradeCheck = 1420;
				TargetAttributes = {
					781707C829EB24DC00B81E8A = {
						CreatedOnToolsVersion = 14.2;
					};
					781707DE29EB24DD00B81E8A = {
						CreatedOnToolsVersion = 14.2;
						TestTargetID = 781707C829EB24DC00B81E8A;
					};
					781707E829EB24DD00B81E8A = {
						CreatedOnToolsVersion = 14.2;
						TestTargetID = 781707C829EB24DC00B81E8A;
					};
				};
			};
			buildConfigurationList = 781707C429EB24DC00B81E8A /* Build configuration list for PBXProject "Instagram" */;
			compatibilityVersion = "Xcode 14.0";
			developmentRegion = en;
			hasScannedForEncodings = 0;
			knownRegions = (
				en,
				Base,
			);
			mainGroup = 781707C029EB24DC00B81E8A;
			packageReferences = (
				78CD6C272A24BDBE00A76865 /* XCRemoteSwiftPackageReference "Swinject" */,
				78CD6C312A24D50B00A76865 /* XCRemoteSwiftPackageReference "AlamofireImage" */,
			);
			productRefGroup = 781707CA29EB24DC00B81E8A /* Products */;
			projectDirPath = "";
			projectRoot = "";
			targets = (
				781707C829EB24DC00B81E8A /* Instagram */,
				781707DE29EB24DD00B81E8A /* InstagramTests */,
				781707E829EB24DD00B81E8A /* InstagramUITests */,
			);
		};
/* End PBXProject section */

/* Begin PBXResourcesBuildPhase section */
		781707C729EB24DC00B81E8A /* Resources */ = {
			isa = PBXResourcesBuildPhase;
			buildActionMask = 2147483647;
			files = (
				781707D629EB24DD00B81E8A /* Assets.xcassets in Resources */,
			);
			runOnlyForDeploymentPostprocessing = 0;
		};
		781707DD29EB24DD00B81E8A /* Resources */ = {
			isa = PBXResourcesBuildPhase;
			buildActionMask = 2147483647;
			files = (
			);
			runOnlyForDeploymentPostprocessing = 0;
		};
		781707E729EB24DD00B81E8A /* Resources */ = {
			isa = PBXResourcesBuildPhase;
			buildActionMask = 2147483647;
			files = (
			);
			runOnlyForDeploymentPostprocessing = 0;
		};
/* End PBXResourcesBuildPhase section */

/* Begin PBXSourcesBuildPhase section */
		781707C529EB24DC00B81E8A /* Sources */ = {
			isa = PBXSourcesBuildPhase;
			buildActionMask = 2147483647;
			files = (
				78CD6C262A24BD9000A76865 /* AppCoordinator.swift in Sources */,
				781707FF29EB389800B81E8A /* ProfilePostsCell.swift in Sources */,
				789E3C6E2A044C20004D52EC /* PostData.swift in Sources */,
				78D135582AA8EB2D00545BF7 /* DeeplinkManager.swift in Sources */,
				789E3C702A044C4F004D52EC /* NetworkManager.swift in Sources */,
				781707FD29EB29BF00B81E8A /* ProfileHeaderCell.swift in Sources */,
				78CD6C2B2A24BE7C00A76865 /* NavBarViewController.swift in Sources */,
				78CD6C2D2A24CD2A00A76865 /* FeedViewController.swift in Sources */,
				781707D129EB24DC00B81E8A /* ProfileViewController.swift in Sources */,
				783520222A3F67A4004E1ED1 /* UserAuthentication.swift in Sources */,
				78CD6C372A24EE2000A76865 /* FeedCoordinator.swift in Sources */,
				781707CD29EB24DC00B81E8A /* AppDelegate.swift in Sources */,
				78F8EB492A7C02D0008B14C2 /* FeedPostCell.swift in Sources */,
				789E3C6C2A044BFC004D52EC /* ProfileHeaderData.swift in Sources */,
				789E3C722A044C6D004D52EC /* ProfileViewModel.swift in Sources */,
				781707CF29EB24DC00B81E8A /* SceneDelegate.swift in Sources */,
				78972CDE2A3F75740090D54C /* SignInViewController.swift in Sources */,
				789E3C692A044B2F004D52EC /* ProfilePostViewModel.swift in Sources */,
				78CD6C352A24EC1F00A76865 /* ProfileCoordinator.swift in Sources */,
				789E3C672A04243C004D52EC /* ProfileHeaderViewModel.swift in Sources */,
			);
			runOnlyForDeploymentPostprocessing = 0;
		};
		781707DB29EB24DD00B81E8A /* Sources */ = {
			isa = PBXSourcesBuildPhase;
			buildActionMask = 2147483647;
			files = (
				781707E429EB24DD00B81E8A /* InstagramTests.swift in Sources */,
			);
			runOnlyForDeploymentPostprocessing = 0;
		};
		781707E529EB24DD00B81E8A /* Sources */ = {
			isa = PBXSourcesBuildPhase;
			buildActionMask = 2147483647;
			files = (
			);
			runOnlyForDeploymentPostprocessing = 0;
		};
/* End PBXSourcesBuildPhase section */

/* Begin PBXTargetDependency section */
		781707E129EB24DD00B81E8A /* PBXTargetDependency */ = {
			isa = PBXTargetDependency;
			target = 781707C829EB24DC00B81E8A /* Instagram */;
			targetProxy = 781707E029EB24DD00B81E8A /* PBXContainerItemProxy */;
		};
		781707EB29EB24DD00B81E8A /* PBXTargetDependency */ = {
			isa = PBXTargetDependency;
			target = 781707C829EB24DC00B81E8A /* Instagram */;
			targetProxy = 781707EA29EB24DD00B81E8A /* PBXContainerItemProxy */;
		};
/* End PBXTargetDependency section */

/* Begin XCBuildConfiguration section */
		781707F129EB24DD00B81E8A /* Debug */ = {
			isa = XCBuildConfiguration;
			buildSettings = {
				ALWAYS_SEARCH_USER_PATHS = NO;
				CLANG_ANALYZER_NONNULL = YES;
				CLANG_ANALYZER_NUMBER_OBJECT_CONVERSION = YES_AGGRESSIVE;
				CLANG_CXX_LANGUAGE_STANDARD = "gnu++20";
				CLANG_ENABLE_MODULES = YES;
				CLANG_ENABLE_OBJC_ARC = YES;
				CLANG_ENABLE_OBJC_WEAK = YES;
				CLANG_WARN_BLOCK_CAPTURE_AUTORELEASING = YES;
				CLANG_WARN_BOOL_CONVERSION = YES;
				CLANG_WARN_COMMA = YES;
				CLANG_WARN_CONSTANT_CONVERSION = YES;
				CLANG_WARN_DEPRECATED_OBJC_IMPLEMENTATIONS = YES;
				CLANG_WARN_DIRECT_OBJC_ISA_USAGE = YES_ERROR;
				CLANG_WARN_DOCUMENTATION_COMMENTS = YES;
				CLANG_WARN_EMPTY_BODY = YES;
				CLANG_WARN_ENUM_CONVERSION = YES;
				CLANG_WARN_INFINITE_RECURSION = YES;
				CLANG_WARN_INT_CONVERSION = YES;
				CLANG_WARN_NON_LITERAL_NULL_CONVERSION = YES;
				CLANG_WARN_OBJC_IMPLICIT_RETAIN_SELF = YES;
				CLANG_WARN_OBJC_LITERAL_CONVERSION = YES;
				CLANG_WARN_OBJC_ROOT_CLASS = YES_ERROR;
				CLANG_WARN_QUOTED_INCLUDE_IN_FRAMEWORK_HEADER = YES;
				CLANG_WARN_RANGE_LOOP_ANALYSIS = YES;
				CLANG_WARN_STRICT_PROTOTYPES = YES;
				CLANG_WARN_SUSPICIOUS_MOVE = YES;
				CLANG_WARN_UNGUARDED_AVAILABILITY = YES_AGGRESSIVE;
				CLANG_WARN_UNREACHABLE_CODE = YES;
				CLANG_WARN__DUPLICATE_METHOD_MATCH = YES;
				COPY_PHASE_STRIP = NO;
				DEBUG_INFORMATION_FORMAT = dwarf;
				ENABLE_STRICT_OBJC_MSGSEND = YES;
				ENABLE_TESTABILITY = YES;
				GCC_C_LANGUAGE_STANDARD = gnu11;
				GCC_DYNAMIC_NO_PIC = NO;
				GCC_NO_COMMON_BLOCKS = YES;
				GCC_OPTIMIZATION_LEVEL = 0;
				GCC_PREPROCESSOR_DEFINITIONS = (
					"DEBUG=1",
					"$(inherited)",
				);
				GCC_WARN_64_TO_32_BIT_CONVERSION = YES;
				GCC_WARN_ABOUT_RETURN_TYPE = YES_ERROR;
				GCC_WARN_UNDECLARED_SELECTOR = YES;
				GCC_WARN_UNINITIALIZED_AUTOS = YES_AGGRESSIVE;
				GCC_WARN_UNUSED_FUNCTION = YES;
				GCC_WARN_UNUSED_VARIABLE = YES;
				IPHONEOS_DEPLOYMENT_TARGET = 16.2;
				MTL_ENABLE_DEBUG_INFO = INCLUDE_SOURCE;
				MTL_FAST_MATH = YES;
				ONLY_ACTIVE_ARCH = YES;
				SDKROOT = iphoneos;
				SWIFT_ACTIVE_COMPILATION_CONDITIONS = DEBUG;
				SWIFT_OPTIMIZATION_LEVEL = "-Onone";
			};
			name = Debug;
		};
		781707F229EB24DD00B81E8A /* Release */ = {
			isa = XCBuildConfiguration;
			buildSettings = {
				ALWAYS_SEARCH_USER_PATHS = NO;
				CLANG_ANALYZER_NONNULL = YES;
				CLANG_ANALYZER_NUMBER_OBJECT_CONVERSION = YES_AGGRESSIVE;
				CLANG_CXX_LANGUAGE_STANDARD = "gnu++20";
				CLANG_ENABLE_MODULES = YES;
				CLANG_ENABLE_OBJC_ARC = YES;
				CLANG_ENABLE_OBJC_WEAK = YES;
				CLANG_WARN_BLOCK_CAPTURE_AUTORELEASING = YES;
				CLANG_WARN_BOOL_CONVERSION = YES;
				CLANG_WARN_COMMA = YES;
				CLANG_WARN_CONSTANT_CONVERSION = YES;
				CLANG_WARN_DEPRECATED_OBJC_IMPLEMENTATIONS = YES;
				CLANG_WARN_DIRECT_OBJC_ISA_USAGE = YES_ERROR;
				CLANG_WARN_DOCUMENTATION_COMMENTS = YES;
				CLANG_WARN_EMPTY_BODY = YES;
				CLANG_WARN_ENUM_CONVERSION = YES;
				CLANG_WARN_INFINITE_RECURSION = YES;
				CLANG_WARN_INT_CONVERSION = YES;
				CLANG_WARN_NON_LITERAL_NULL_CONVERSION = YES;
				CLANG_WARN_OBJC_IMPLICIT_RETAIN_SELF = YES;
				CLANG_WARN_OBJC_LITERAL_CONVERSION = YES;
				CLANG_WARN_OBJC_ROOT_CLASS = YES_ERROR;
				CLANG_WARN_QUOTED_INCLUDE_IN_FRAMEWORK_HEADER = YES;
				CLANG_WARN_RANGE_LOOP_ANALYSIS = YES;
				CLANG_WARN_STRICT_PROTOTYPES = YES;
				CLANG_WARN_SUSPICIOUS_MOVE = YES;
				CLANG_WARN_UNGUARDED_AVAILABILITY = YES_AGGRESSIVE;
				CLANG_WARN_UNREACHABLE_CODE = YES;
				CLANG_WARN__DUPLICATE_METHOD_MATCH = YES;
				COPY_PHASE_STRIP = NO;
				DEBUG_INFORMATION_FORMAT = "dwarf-with-dsym";
				ENABLE_NS_ASSERTIONS = NO;
				ENABLE_STRICT_OBJC_MSGSEND = YES;
				GCC_C_LANGUAGE_STANDARD = gnu11;
				GCC_NO_COMMON_BLOCKS = YES;
				GCC_WARN_64_TO_32_BIT_CONVERSION = YES;
				GCC_WARN_ABOUT_RETURN_TYPE = YES_ERROR;
				GCC_WARN_UNDECLARED_SELECTOR = YES;
				GCC_WARN_UNINITIALIZED_AUTOS = YES_AGGRESSIVE;
				GCC_WARN_UNUSED_FUNCTION = YES;
				GCC_WARN_UNUSED_VARIABLE = YES;
				IPHONEOS_DEPLOYMENT_TARGET = 16.2;
				MTL_ENABLE_DEBUG_INFO = NO;
				MTL_FAST_MATH = YES;
				SDKROOT = iphoneos;
				SWIFT_COMPILATION_MODE = wholemodule;
				SWIFT_OPTIMIZATION_LEVEL = "-O";
				VALIDATE_PRODUCT = YES;
			};
			name = Release;
		};
		781707F429EB24DD00B81E8A /* Debug */ = {
			isa = XCBuildConfiguration;
			buildSettings = {
				ASSETCATALOG_COMPILER_APPICON_NAME = AppIcon;
				ASSETCATALOG_COMPILER_GLOBAL_ACCENT_COLOR_NAME = AccentColor;
				CODE_SIGN_STYLE = Automatic;
				CURRENT_PROJECT_VERSION = 1;
				DEVELOPMENT_TEAM = HCP7YURPYZ;
				GENERATE_INFOPLIST_FILE = YES;
				INFOPLIST_FILE = Instagram/Info.plist;
				INFOPLIST_KEY_UIApplicationSupportsIndirectInputEvents = YES;
				INFOPLIST_KEY_UILaunchStoryboardName = LaunchScreen;
				INFOPLIST_KEY_UISupportedInterfaceOrientations_iPad = "UIInterfaceOrientationPortrait UIInterfaceOrientationPortraitUpsideDown UIInterfaceOrientationLandscapeLeft UIInterfaceOrientationLandscapeRight";
				INFOPLIST_KEY_UISupportedInterfaceOrientations_iPhone = "UIInterfaceOrientationPortrait UIInterfaceOrientationLandscapeLeft UIInterfaceOrientationLandscapeRight";
				LD_RUNPATH_SEARCH_PATHS = (
					"$(inherited)",
					"@executable_path/Frameworks",
				);
				MARKETING_VERSION = 1.0;
				PRODUCT_BUNDLE_IDENTIFIER = com.mariiadeshina.Instagram;
				PRODUCT_NAME = "$(TARGET_NAME)";
				SWIFT_EMIT_LOC_STRINGS = YES;
				SWIFT_VERSION = 5.0;
				TARGETED_DEVICE_FAMILY = "1,2";
			};
			name = Debug;
		};
		781707F529EB24DD00B81E8A /* Release */ = {
			isa = XCBuildConfiguration;
			buildSettings = {
				ASSETCATALOG_COMPILER_APPICON_NAME = AppIcon;
				ASSETCATALOG_COMPILER_GLOBAL_ACCENT_COLOR_NAME = AccentColor;
				CODE_SIGN_STYLE = Automatic;
				CURRENT_PROJECT_VERSION = 1;
				DEVELOPMENT_TEAM = HCP7YURPYZ;
				GENERATE_INFOPLIST_FILE = YES;
				INFOPLIST_FILE = Instagram/Info.plist;
				INFOPLIST_KEY_UIApplicationSupportsIndirectInputEvents = YES;
				INFOPLIST_KEY_UILaunchStoryboardName = LaunchScreen;
				INFOPLIST_KEY_UISupportedInterfaceOrientations_iPad = "UIInterfaceOrientationPortrait UIInterfaceOrientationPortraitUpsideDown UIInterfaceOrientationLandscapeLeft UIInterfaceOrientationLandscapeRight";
				INFOPLIST_KEY_UISupportedInterfaceOrientations_iPhone = "UIInterfaceOrientationPortrait UIInterfaceOrientationLandscapeLeft UIInterfaceOrientationLandscapeRight";
				LD_RUNPATH_SEARCH_PATHS = (
					"$(inherited)",
					"@executable_path/Frameworks",
				);
				MARKETING_VERSION = 1.0;
				PRODUCT_BUNDLE_IDENTIFIER = com.mariiadeshina.Instagram;
				PRODUCT_NAME = "$(TARGET_NAME)";
				SWIFT_EMIT_LOC_STRINGS = YES;
				SWIFT_VERSION = 5.0;
				TARGETED_DEVICE_FAMILY = "1,2";
			};
			name = Release;
		};
		781707F729EB24DD00B81E8A /* Debug */ = {
			isa = XCBuildConfiguration;
			buildSettings = {
				ALWAYS_EMBED_SWIFT_STANDARD_LIBRARIES = YES;
				BUNDLE_LOADER = "$(TEST_HOST)";
				CODE_SIGN_STYLE = Automatic;
				CURRENT_PROJECT_VERSION = 1;
				DEVELOPMENT_TEAM = HCP7YURPYZ;
				GENERATE_INFOPLIST_FILE = YES;
				IPHONEOS_DEPLOYMENT_TARGET = 16.2;
				MARKETING_VERSION = 1.0;
				PRODUCT_BUNDLE_IDENTIFIER = com.mariiadeshina.InstagramTests;
				PRODUCT_NAME = "$(TARGET_NAME)";
				SWIFT_EMIT_LOC_STRINGS = NO;
				SWIFT_VERSION = 5.0;
				TARGETED_DEVICE_FAMILY = "1,2";
				TEST_HOST = "$(BUILT_PRODUCTS_DIR)/Instagram.app/$(BUNDLE_EXECUTABLE_FOLDER_PATH)/Instagram";
			};
			name = Debug;
		};
		781707F829EB24DD00B81E8A /* Release */ = {
			isa = XCBuildConfiguration;
			buildSettings = {
				ALWAYS_EMBED_SWIFT_STANDARD_LIBRARIES = YES;
				BUNDLE_LOADER = "$(TEST_HOST)";
				CODE_SIGN_STYLE = Automatic;
				CURRENT_PROJECT_VERSION = 1;
				DEVELOPMENT_TEAM = HCP7YURPYZ;
				GENERATE_INFOPLIST_FILE = YES;
				IPHONEOS_DEPLOYMENT_TARGET = 16.2;
				MARKETING_VERSION = 1.0;
				PRODUCT_BUNDLE_IDENTIFIER = com.mariiadeshina.InstagramTests;
				PRODUCT_NAME = "$(TARGET_NAME)";
				SWIFT_EMIT_LOC_STRINGS = NO;
				SWIFT_VERSION = 5.0;
				TARGETED_DEVICE_FAMILY = "1,2";
				TEST_HOST = "$(BUILT_PRODUCTS_DIR)/Instagram.app/$(BUNDLE_EXECUTABLE_FOLDER_PATH)/Instagram";
			};
			name = Release;
		};
		781707FA29EB24DD00B81E8A /* Debug */ = {
			isa = XCBuildConfiguration;
			buildSettings = {
				ALWAYS_EMBED_SWIFT_STANDARD_LIBRARIES = YES;
				CODE_SIGN_STYLE = Automatic;
				CURRENT_PROJECT_VERSION = 1;
				DEVELOPMENT_TEAM = HCP7YURPYZ;
				GENERATE_INFOPLIST_FILE = YES;
				MARKETING_VERSION = 1.0;
				PRODUCT_BUNDLE_IDENTIFIER = com.mariiadeshina.InstagramUITests;
				PRODUCT_NAME = "$(TARGET_NAME)";
				SWIFT_EMIT_LOC_STRINGS = NO;
				SWIFT_VERSION = 5.0;
				TARGETED_DEVICE_FAMILY = "1,2";
				TEST_TARGET_NAME = Instagram;
			};
			name = Debug;
		};
		781707FB29EB24DD00B81E8A /* Release */ = {
			isa = XCBuildConfiguration;
			buildSettings = {
				ALWAYS_EMBED_SWIFT_STANDARD_LIBRARIES = YES;
				CODE_SIGN_STYLE = Automatic;
				CURRENT_PROJECT_VERSION = 1;
				DEVELOPMENT_TEAM = HCP7YURPYZ;
				GENERATE_INFOPLIST_FILE = YES;
				MARKETING_VERSION = 1.0;
				PRODUCT_BUNDLE_IDENTIFIER = com.mariiadeshina.InstagramUITests;
				PRODUCT_NAME = "$(TARGET_NAME)";
				SWIFT_EMIT_LOC_STRINGS = NO;
				SWIFT_VERSION = 5.0;
				TARGETED_DEVICE_FAMILY = "1,2";
				TEST_TARGET_NAME = Instagram;
			};
			name = Release;
		};
/* End XCBuildConfiguration section */

/* Begin XCConfigurationList section */
		781707C429EB24DC00B81E8A /* Build configuration list for PBXProject "Instagram" */ = {
			isa = XCConfigurationList;
			buildConfigurations = (
				781707F129EB24DD00B81E8A /* Debug */,
				781707F229EB24DD00B81E8A /* Release */,
			);
			defaultConfigurationIsVisible = 0;
			defaultConfigurationName = Release;
		};
		781707F329EB24DD00B81E8A /* Build configuration list for PBXNativeTarget "Instagram" */ = {
			isa = XCConfigurationList;
			buildConfigurations = (
				781707F429EB24DD00B81E8A /* Debug */,
				781707F529EB24DD00B81E8A /* Release */,
			);
			defaultConfigurationIsVisible = 0;
			defaultConfigurationName = Release;
		};
		781707F629EB24DD00B81E8A /* Build configuration list for PBXNativeTarget "InstagramTests" */ = {
			isa = XCConfigurationList;
			buildConfigurations = (
				781707F729EB24DD00B81E8A /* Debug */,
				781707F829EB24DD00B81E8A /* Release */,
			);
			defaultConfigurationIsVisible = 0;
			defaultConfigurationName = Release;
		};
		781707F929EB24DD00B81E8A /* Build configuration list for PBXNativeTarget "InstagramUITests" */ = {
			isa = XCConfigurationList;
			buildConfigurations = (
				781707FA29EB24DD00B81E8A /* Debug */,
				781707FB29EB24DD00B81E8A /* Release */,
			);
			defaultConfigurationIsVisible = 0;
			defaultConfigurationName = Release;
		};
/* End XCConfigurationList section */

/* Begin XCRemoteSwiftPackageReference section */
		78CD6C272A24BDBE00A76865 /* XCRemoteSwiftPackageReference "Swinject" */ = {
			isa = XCRemoteSwiftPackageReference;
			repositoryURL = "https://github.com/Swinject/Swinject.git";
			requirement = {
				kind = upToNextMajorVersion;
				minimumVersion = 2.0.0;
			};
		};
		78CD6C312A24D50B00A76865 /* XCRemoteSwiftPackageReference "AlamofireImage" */ = {
			isa = XCRemoteSwiftPackageReference;
			repositoryURL = "https://github.com/Alamofire/AlamofireImage.git";
			requirement = {
				kind = upToNextMajorVersion;
				minimumVersion = 4.0.0;
			};
		};
/* End XCRemoteSwiftPackageReference section */

/* Begin XCSwiftPackageProductDependency section */
		78CD6C282A24BDBE00A76865 /* Swinject */ = {
			isa = XCSwiftPackageProductDependency;
			package = 78CD6C272A24BDBE00A76865 /* XCRemoteSwiftPackageReference "Swinject" */;
			productName = Swinject;
		};
		78CD6C322A24D50B00A76865 /* AlamofireImage */ = {
			isa = XCSwiftPackageProductDependency;
			package = 78CD6C312A24D50B00A76865 /* XCRemoteSwiftPackageReference "AlamofireImage" */;
			productName = AlamofireImage;
		};
/* End XCSwiftPackageProductDependency section */
	};
	rootObject = 781707C129EB24DC00B81E8A /* Project object */;
}
